
Microsoft Visual Studio Solution File, Format Version 12.00
# Visual Studio Version 16
VisualStudioVersion = 16.0.30413.136
MinimumVisualStudioVersion = 10.0.40219.1
Project("{9A19103F-16F7-4668-BE54-9A1E7A4F7556}") = "ApiProjeto", "ApiProjeto\ApiProjeto.csproj", "{75E3D722-EE1D-4D46-B20E-A2AE4F90D87F}"
EndProject
Project("{9A19103F-16F7-4668-BE54-9A1E7A4F7556}") = "Infrastructure", "Infrastructure\Infrastructure.csproj", "{B97F8E3E-7432-43F8-97BC-53F57472F53E}"
EndProject
Project("{9A19103F-16F7-4668-BE54-9A1E7A4F7556}") = "SiteProjeto", "SiteProjeto\SiteProjeto.csproj", "{5C2F5E6A-BDAE-4B77-89AE-565D29F4A6BF}"
EndProject
Project("{FAE04EC0-301F-11D3-BF4B-00C04F79EFBC}") = "ImageHelper", "ImageHelper\ImageHelper.csproj", "{6B054C94-475F-4D69-AE41-5D1C82B2AA3A}"
EndProject
Global
	GlobalSection(SolutionConfigurationPlatforms) = preSolution
		Debug|Any CPU = Debug|Any CPU
		Release|Any CPU = Release|Any CPU
	EndGlobalSection
	GlobalSection(ProjectConfigurationPlatforms) = postSolution
		{75E3D722-EE1D-4D46-B20E-A2AE4F90D87F}.Debug|Any CPU.ActiveCfg = Debug|Any CPU
		{75E3D722-EE1D-4D46-B20E-A2AE4F90D87F}.Debug|Any CPU.Build.0 = Debug|Any CPU
		{75E3D722-EE1D-4D46-B20E-A2AE4F90D87F}.Release|Any CPU.ActiveCfg = Release|Any CPU
		{75E3D722-EE1D-4D46-B20E-A2AE4F90D87F}.Release|Any CPU.Build.0 = Release|Any CPU
		{B97F8E3E-7432-43F8-97BC-53F57472F53E}.Debug|Any CPU.ActiveCfg = Debug|Any CPU
		{B97F8E3E-7432-43F8-97BC-53F57472F53E}.Debug|Any CPU.Build.0 = Debug|Any CPU
		{B97F8E3E-7432-43F8-97BC-53F57472F53E}.Release|Any CPU.ActiveCfg = Release|Any CPU
		{B97F8E3E-7432-43F8-97BC-53F57472F53E}.Release|Any CPU.Build.0 = Release|Any CPU
		{5C2F5E6A-BDAE-4B77-89AE-565D29F4A6BF}.Debug|Any CPU.ActiveCfg = Debug|Any CPU
		{5C2F5E6A-BDAE-4B77-89AE-565D29F4A6BF}.Debug|Any CPU.Build.0 = Debug|Any CPU
		{5C2F5E6A-BDAE-4B77-89AE-565D29F4A6BF}.Release|Any CPU.ActiveCfg = Release|Any CPU
		{5C2F5E6A-BDAE-4B77-89AE-565D29F4A6BF}.Release|Any CPU.Build.0 = Release|Any CPU
		{6B054C94-475F-4D69-AE41-5D1C82B2AA3A}.Debug|Any CPU.ActiveCfg = Debug|Any CPU
		{6B054C94-475F-4D69-AE41-5D1C82B2AA3A}.Debug|Any CPU.Build.0 = Debug|Any CPU
		{6B054C94-475F-4D69-AE41-5D1C82B2AA3A}.Release|Any CPU.ActiveCfg = Release|Any CPU
		{6B054C94-475F-4D69-AE41-5D1C82B2AA3A}.Release|Any CPU.Build.0 = Release|Any CPU
	EndGlobalSection
	GlobalSection(SolutionProperties) = preSolution
		HideSolutionNode = FALSE
	EndGlobalSection
	GlobalSection(ExtensibilityGlobals) = postSolution
		SolutionGuid = {9A9FCC68-42AA-48C0-AC27-4A079A50EC24}
	EndGlobalSection
EndGlobal
